{
  "object": {
    "pins": [
      {
        "package": "CZUtils",
        "repositoryURL": "https://github.com/geekaurora/CZUtils.git",
        "state": {
          "branch": null,
          "revision": "c06b105346de172a7d95821a7bf8789e05c05293",
          "version": "3.0.6"
        }
      }
    ]
  },
  "version": 1
}
