{
  "object": {
    "pins": [
      {
        "package": "CZUtils",
        "repositoryURL": "https://github.com/geekaurora/CZUtils.git",
        "state": {
          "branch": null,
          "revision": "d293c7f4a967f79d40c48a592cc7bca69304039f",
          "version": "3.3.2"
        }
      }
    ]
  },
  "version": 1
}
