{
  "object": {
    "pins": [
      {
        "package": "CZTestUtils",
        "repositoryURL": "https://github.com/geekaurora/CZTestUtils.git",
        "state": {
          "branch": null,
          "revision": "5116e9c704e6926aaca52613ce8434321b62efce",
          "version": "1.1.0"
        }
      },
      {
        "package": "CZUtils",
        "repositoryURL": "https://github.com/geekaurora/CZUtils.git",
        "state": {
          "branch": null,
          "revision": "3398ea2a0bbf168122fa8a36766cb766b0a62587",
          "version": "4.0.8"
        }
      }
    ]
  },
  "version": 1
}
